
Microsoft Visual Studio Solution File, Format Version 12.00
# Visual Studio Version 17
VisualStudioVersion = 17.8.34511.84
MinimumVisualStudioVersion = 10.0.40219.1
Project("{FAE04EC0-301F-11D3-BF4B-00C04F79EFBC}") = "AzureFileManagement", "AzureFileManagement\AzureFileManagement.csproj", "{AA834D0D-A2D0-4686-B19B-FABBFAAEA069}"
EndProject
Global
	GlobalSection(SolutionConfigurationPlatforms) = preSolution
		Debug|Any CPU = Debug|Any CPU
		Release|Any CPU = Release|Any CPU
	EndGlobalSection
	GlobalSection(ProjectConfigurationPlatforms) = postSolution
		{AA834D0D-A2D0-4686-B19B-FABBFAAEA069}.Debug|Any CPU.ActiveCfg = Debug|Any CPU
		{AA834D0D-A2D0-4686-B19B-FABBFAAEA069}.Debug|Any CPU.Build.0 = Debug|Any CPU
		{AA834D0D-A2D0-4686-B19B-FABBFAAEA069}.Release|Any CPU.ActiveCfg = Release|Any CPU
		{AA834D0D-A2D0-4686-B19B-FABBFAAEA069}.Release|Any CPU.Build.0 = Release|Any CPU
	EndGlobalSection
	GlobalSection(SolutionProperties) = preSolution
		HideSolutionNode = FALSE
	EndGlobalSection
	GlobalSection(ExtensibilityGlobals) = postSolution
		SolutionGuid = {A313FB1F-300A-4C95-B646-2EF4EA8FD42C}
	EndGlobalSection
EndGlobal
